<?xml version="1.0" encoding="utf-8"?>
<Project ToolsVersion="4.0" xmlns="http://schemas.microsoft.com/developer/msbuild/2003">
  <ItemGroup>
    <Filter Include="Library">
      <UniqueIdentifier>{7455d037-29dd-4999-a855-2b7243f725eb}</UniqueIdentifier>
    </Filter>
  </ItemGroup>
  <ItemGroup>
    <ClInclude Include="CppSharp.h" />
    <ClInclude Include="Library\Live2DWrap.h">
      <Filter>Library</Filter>
    </ClInclude>
  </ItemGroup>
  <ItemGroup>
    <ClCompile Include="Library\Live2DWrap.cpp">
      <Filter>Library</Filter>
    </ClCompile>
  </ItemGroup>
</Project>